
Microsoft Visual Studio Solution File, Format Version 12.00
# Visual Studio 2012
Project("{8BC9CEB8-8B4A-11D0-8D11-00A0C91BC942}") = "RemoteLidar", "RemoteLidar\RemoteLidar.vcxproj", "{BC1E0B1B-D226-4B81-A67F-4FFAF62773B9}"
EndProject
Global
	GlobalSection(SolutionConfigurationPlatforms) = preSolution
		Debug|Win32 = Debug|Win32
		Release|Win32 = Release|Win32
	EndGlobalSection
	GlobalSection(ProjectConfigurationPlatforms) = postSolution
		{BC1E0B1B-D226-4B81-A67F-4FFAF62773B9}.Debug|Win32.ActiveCfg = Debug|Win32
		{BC1E0B1B-D226-4B81-A67F-4FFAF62773B9}.Debug|Win32.Build.0 = Debug|Win32
		{BC1E0B1B-D226-4B81-A67F-4FFAF62773B9}.Release|Win32.ActiveCfg = Release|Win32
		{BC1E0B1B-D226-4B81-A67F-4FFAF62773B9}.Release|Win32.Build.0 = Release|Win32
	EndGlobalSection
	GlobalSection(SolutionProperties) = preSolution
		HideSolutionNode = FALSE
	EndGlobalSection
EndGlobal
