<?xml version="1.0" encoding="utf-8"?>
<Project ToolsVersion="4.0" xmlns="http://schemas.microsoft.com/developer/msbuild/2003">
  <ItemGroup>
    <Filter Include="源文件">
      <UniqueIdentifier>{4FC737F1-C7A5-4376-A066-2A32D752A2FF}</UniqueIdentifier>
      <Extensions>cpp;c;cc;cxx;def;odl;idl;hpj;bat;asm;asmx</Extensions>
    </Filter>
    <Filter Include="头文件">
      <UniqueIdentifier>{93995380-89BD-4b04-88EB-625FBE52EBFB}</UniqueIdentifier>
      <Extensions>h;hpp;hxx;hm;inl;inc;xsd</Extensions>
    </Filter>
    <Filter Include="资源文件">
      <UniqueIdentifier>{67DA6AB6-F800-4c08-8B7A-83BB121AAD01}</UniqueIdentifier>
      <Extensions>rc;ico;cur;bmp;dlg;rc2;rct;bin;rgs;gif;jpg;jpeg;jpe;resx;tiff;tif;png;wav;mfcribbon-ms</Extensions>
    </Filter>
  </ItemGroup>
  <ItemGroup>
    <Text Include="ReadMe.txt" />
  </ItemGroup>
  <ItemGroup>
    <ClInclude Include="StupidBoy.h">
      <Filter>头文件</Filter>
    </ClInclude>
    <ClInclude Include="StupidBoyDlg.h">
      <Filter>头文件</Filter>
    </ClInclude>
    <ClInclude Include="stdafx.h">
      <Filter>头文件</Filter>
    </ClInclude>
    <ClInclude Include="targetver.h">
      <Filter>头文件</Filter>
    </ClInclude>
    <ClInclude Include="Resource.h">
      <Filter>头文件</Filter>
    </ClInclude>
    <ClInclude Include="FreeImage.h">
      <Filter>头文件</Filter>
    </ClInclude>
    <ClInclude Include="MatrixFunctions.h">
      <Filter>头文件</Filter>
    </ClInclude>
    <ClInclude Include="ImageFunctions.h">
      <Filter>头文件</Filter>
    </ClInclude>
    <ClInclude Include="GetConfig.h">
      <Filter>头文件</Filter>
    </ClInclude>
    <ClInclude Include="DxInput.h">
      <Filter>头文件</Filter>
    </ClInclude>
    <ClInclude Include="TcpClient.h">
      <Filter>头文件</Filter>
    </ClInclude>
    <ClInclude Include="Threads.h">
      <Filter>头文件</Filter>
    </ClInclude>
    <ClInclude Include="SAE.h">
      <Filter>头文件</Filter>
    </ClInclude>
    <ClInclude Include="Softmax.h">
      <Filter>头文件</Filter>
    </ClInclude>
    <ClInclude Include="AddLog.h">
      <Filter>头文件</Filter>
    </ClInclude>
    <ClInclude Include="Sensor.h">
      <Filter>头文件</Filter>
    </ClInclude>
    <ClInclude Include="StackedAE.h">
      <Filter>头文件</Filter>
    </ClInclude>
    <ClInclude Include="DAE.h">
      <Filter>头文件</Filter>
    </ClInclude>
  </ItemGroup>
  <ItemGroup>
    <ClCompile Include="StupidBoy.cpp">
      <Filter>源文件</Filter>
    </ClCompile>
    <ClCompile Include="StupidBoyDlg.cpp">
      <Filter>源文件</Filter>
    </ClCompile>
    <ClCompile Include="stdafx.cpp">
      <Filter>源文件</Filter>
    </ClCompile>
    <ClCompile Include="myString.cpp">
      <Filter>源文件</Filter>
    </ClCompile>
    <ClCompile Include="tcpClient.cpp">
      <Filter>源文件</Filter>
    </ClCompile>
    <ClCompile Include="getConfig.cpp">
      <Filter>源文件</Filter>
    </ClCompile>
    <ClCompile Include="ImageFunctions.cpp">
      <Filter>源文件</Filter>
    </ClCompile>
    <ClCompile Include="Sensor.cpp">
      <Filter>源文件</Filter>
    </ClCompile>
    <ClCompile Include="AddLog.cpp">
      <Filter>源文件</Filter>
    </ClCompile>
  </ItemGroup>
  <ItemGroup>
    <ResourceCompile Include="StupidBoy.rc">
      <Filter>资源文件</Filter>
    </ResourceCompile>
  </ItemGroup>
  <ItemGroup>
    <None Include="res\StupidBoy.rc2">
      <Filter>资源文件</Filter>
    </None>
  </ItemGroup>
  <ItemGroup>
    <Image Include="res\StupidBoy.ico">
      <Filter>资源文件</Filter>
    </Image>
  </ItemGroup>
</Project>